# This file is autogenerated, do not edit; changes may be undone by the next 'dep ensure'.


[[projects]]
  branch = "master"
  name = "github.com/twpayne/go-kml"
  packages = ["."]
  revision = "a5dbcab47e546e8c4faea2f27f6734719624a933"

[solve-meta]
  analyzer-name = "dep"
  analyzer-version = 1
  inputs-digest = "449362a9d040fe3f483055598c21d6908ba789f83aba83bbc5cad54d4bace826"
  solver-name = "gps-cdcl"
  solver-version = 1
